
Microsoft Visual Studio Solution File, Format Version 12.00
# Visual Studio Version 17
VisualStudioVersion = 17.1.32414.318
MinimumVisualStudioVersion = 10.0.40219.1
Project("{9A19103F-16F7-4668-BE54-9A1E7A4F7556}") = "Lab6", "Lab6\Lab6.csproj", "{15478C44-8FEE-4F39-BEF7-6188CB980809}"
EndProject
Project("{FAE04EC0-301F-11D3-BF4B-00C04F79EFBC}") = "lab62", "lab62\lab62.csproj", "{32F44E3C-95F9-40FC-9C91-02F72CBB6E51}"
EndProject
Global
	GlobalSection(SolutionConfigurationPlatforms) = preSolution
		Debug|Any CPU = Debug|Any CPU
		Release|Any CPU = Release|Any CPU
	EndGlobalSection
	GlobalSection(ProjectConfigurationPlatforms) = postSolution
		{15478C44-8FEE-4F39-BEF7-6188CB980809}.Debug|Any CPU.ActiveCfg = Debug|Any CPU
		{15478C44-8FEE-4F39-BEF7-6188CB980809}.Debug|Any CPU.Build.0 = Debug|Any CPU
		{15478C44-8FEE-4F39-BEF7-6188CB980809}.Release|Any CPU.ActiveCfg = Release|Any CPU
		{15478C44-8FEE-4F39-BEF7-6188CB980809}.Release|Any CPU.Build.0 = Release|Any CPU
		{32F44E3C-95F9-40FC-9C91-02F72CBB6E51}.Debug|Any CPU.ActiveCfg = Debug|Any CPU
		{32F44E3C-95F9-40FC-9C91-02F72CBB6E51}.Debug|Any CPU.Build.0 = Debug|Any CPU
		{32F44E3C-95F9-40FC-9C91-02F72CBB6E51}.Release|Any CPU.ActiveCfg = Release|Any CPU
		{32F44E3C-95F9-40FC-9C91-02F72CBB6E51}.Release|Any CPU.Build.0 = Release|Any CPU
	EndGlobalSection
	GlobalSection(SolutionProperties) = preSolution
		HideSolutionNode = FALSE
	EndGlobalSection
	GlobalSection(ExtensibilityGlobals) = postSolution
		SolutionGuid = {A062E6F1-0D60-4F73-9A47-28ECD51F0C4A}
	EndGlobalSection
EndGlobal
